
Microsoft Visual Studio Solution File, Format Version 12.00
# Visual Studio Version 16
VisualStudioVersion = 16.0.30804.86
MinimumVisualStudioVersion = 10.0.40219.1
Project("{9A19103F-16F7-4668-BE54-9A1E7A4F7556}") = "HotelManagementApp.WebAPI", "HotelManagementApp.WebAPI\HotelManagementApp.WebAPI.csproj", "{A2010CCC-B10D-477C-B436-FE1B87C6B991}"
EndProject
Project("{9A19103F-16F7-4668-BE54-9A1E7A4F7556}") = "HotelManagementApp.Core", "HotelManagementApp.Core\HotelManagementApp.Core.csproj", "{AC33F61B-D6A9-41AD-960D-8A374E713E17}"
EndProject
Project("{9A19103F-16F7-4668-BE54-9A1E7A4F7556}") = "HotelManagementApp.Infrastructure", "HotelManagementApp.Infrastructure\HotelManagementApp.Infrastructure.csproj", "{8180E267-592A-4AC0-9AE2-6FAE8C7D7C48}"
EndProject
Project("{00D1A9C2-B5F0-4AF3-8072-F6C62B433612}") = "HotelManagementDB", "HotelManagementDB\HotelManagementDB.sqlproj", "{2EBF4DD5-11D1-40F6-86FF-2DF6BA9CE2A1}"
EndProject
Global
	GlobalSection(SolutionConfigurationPlatforms) = preSolution
		Debug|Any CPU = Debug|Any CPU
		Release|Any CPU = Release|Any CPU
	EndGlobalSection
	GlobalSection(ProjectConfigurationPlatforms) = postSolution
		{A2010CCC-B10D-477C-B436-FE1B87C6B991}.Debug|Any CPU.ActiveCfg = Debug|Any CPU
		{A2010CCC-B10D-477C-B436-FE1B87C6B991}.Debug|Any CPU.Build.0 = Debug|Any CPU
		{A2010CCC-B10D-477C-B436-FE1B87C6B991}.Release|Any CPU.ActiveCfg = Release|Any CPU
		{A2010CCC-B10D-477C-B436-FE1B87C6B991}.Release|Any CPU.Build.0 = Release|Any CPU
		{AC33F61B-D6A9-41AD-960D-8A374E713E17}.Debug|Any CPU.ActiveCfg = Debug|Any CPU
		{AC33F61B-D6A9-41AD-960D-8A374E713E17}.Debug|Any CPU.Build.0 = Debug|Any CPU
		{AC33F61B-D6A9-41AD-960D-8A374E713E17}.Release|Any CPU.ActiveCfg = Release|Any CPU
		{AC33F61B-D6A9-41AD-960D-8A374E713E17}.Release|Any CPU.Build.0 = Release|Any CPU
		{8180E267-592A-4AC0-9AE2-6FAE8C7D7C48}.Debug|Any CPU.ActiveCfg = Debug|Any CPU
		{8180E267-592A-4AC0-9AE2-6FAE8C7D7C48}.Debug|Any CPU.Build.0 = Debug|Any CPU
		{8180E267-592A-4AC0-9AE2-6FAE8C7D7C48}.Release|Any CPU.ActiveCfg = Release|Any CPU
		{8180E267-592A-4AC0-9AE2-6FAE8C7D7C48}.Release|Any CPU.Build.0 = Release|Any CPU
		{2EBF4DD5-11D1-40F6-86FF-2DF6BA9CE2A1}.Debug|Any CPU.ActiveCfg = Debug|Any CPU
		{2EBF4DD5-11D1-40F6-86FF-2DF6BA9CE2A1}.Debug|Any CPU.Build.0 = Debug|Any CPU
		{2EBF4DD5-11D1-40F6-86FF-2DF6BA9CE2A1}.Debug|Any CPU.Deploy.0 = Debug|Any CPU
		{2EBF4DD5-11D1-40F6-86FF-2DF6BA9CE2A1}.Release|Any CPU.ActiveCfg = Release|Any CPU
		{2EBF4DD5-11D1-40F6-86FF-2DF6BA9CE2A1}.Release|Any CPU.Build.0 = Release|Any CPU
		{2EBF4DD5-11D1-40F6-86FF-2DF6BA9CE2A1}.Release|Any CPU.Deploy.0 = Release|Any CPU
	EndGlobalSection
	GlobalSection(SolutionProperties) = preSolution
		HideSolutionNode = FALSE
	EndGlobalSection
	GlobalSection(ExtensibilityGlobals) = postSolution
		SolutionGuid = {9ACAAB43-059C-4B9C-8328-3C886E879383}
	EndGlobalSection
EndGlobal
